
Microsoft Visual Studio Solution File, Format Version 12.00
# Visual Studio Version 17
VisualStudioVersion = 17.4.33122.133
MinimumVisualStudioVersion = 10.0.40219.1
Project("{FAE04EC0-301F-11D3-BF4B-00C04F79EFBC}") = "ApiRestNet7", "ApiRestNet7\ApiRestNet7.csproj", "{521275E6-20D7-4192-8082-E57C986B8FFD}"
EndProject
Global
	GlobalSection(SolutionConfigurationPlatforms) = preSolution
		Debug|Any CPU = Debug|Any CPU
		Release|Any CPU = Release|Any CPU
	EndGlobalSection
	GlobalSection(ProjectConfigurationPlatforms) = postSolution
		{521275E6-20D7-4192-8082-E57C986B8FFD}.Debug|Any CPU.ActiveCfg = Debug|Any CPU
		{521275E6-20D7-4192-8082-E57C986B8FFD}.Debug|Any CPU.Build.0 = Debug|Any CPU
		{521275E6-20D7-4192-8082-E57C986B8FFD}.Release|Any CPU.ActiveCfg = Release|Any CPU
		{521275E6-20D7-4192-8082-E57C986B8FFD}.Release|Any CPU.Build.0 = Release|Any CPU
	EndGlobalSection
	GlobalSection(SolutionProperties) = preSolution
		HideSolutionNode = FALSE
	EndGlobalSection
	GlobalSection(ExtensibilityGlobals) = postSolution
		SolutionGuid = {4CFFEC34-0EF8-4441-81FF-1A7A51454E28}
	EndGlobalSection
EndGlobal
